
Microsoft Visual Studio Solution File, Format Version 12.00
# Visual Studio Version 16
VisualStudioVersion = 16.0.30114.105
MinimumVisualStudioVersion = 10.0.40219.1
Project("{FAE04EC0-301F-11D3-BF4B-00C04F79EFBC}") = "NodaTimeDemo", "NodaTimeDemo\NodaTimeDemo.csproj", "{54F3A36A-5885-4B9D-9DBA-B51EA3BFB040}"
EndProject
Project("{FAE04EC0-301F-11D3-BF4B-00C04F79EFBC}") = "DeliveryService", "DeliveryService\DeliveryService.csproj", "{076128B1-94CB-437D-BD58-A7D44B3FC794}"
EndProject
Global
	GlobalSection(SolutionConfigurationPlatforms) = preSolution
		Debug|Any CPU = Debug|Any CPU
		Release|Any CPU = Release|Any CPU
	EndGlobalSection
	GlobalSection(SolutionProperties) = preSolution
		HideSolutionNode = FALSE
	EndGlobalSection
	GlobalSection(ProjectConfigurationPlatforms) = postSolution
		{54F3A36A-5885-4B9D-9DBA-B51EA3BFB040}.Debug|Any CPU.ActiveCfg = Debug|Any CPU
		{54F3A36A-5885-4B9D-9DBA-B51EA3BFB040}.Debug|Any CPU.Build.0 = Debug|Any CPU
		{54F3A36A-5885-4B9D-9DBA-B51EA3BFB040}.Release|Any CPU.ActiveCfg = Release|Any CPU
		{54F3A36A-5885-4B9D-9DBA-B51EA3BFB040}.Release|Any CPU.Build.0 = Release|Any CPU
		{076128B1-94CB-437D-BD58-A7D44B3FC794}.Debug|Any CPU.ActiveCfg = Debug|Any CPU
		{076128B1-94CB-437D-BD58-A7D44B3FC794}.Debug|Any CPU.Build.0 = Debug|Any CPU
		{076128B1-94CB-437D-BD58-A7D44B3FC794}.Release|Any CPU.ActiveCfg = Release|Any CPU
		{076128B1-94CB-437D-BD58-A7D44B3FC794}.Release|Any CPU.Build.0 = Release|Any CPU
	EndGlobalSection
EndGlobal
